
Microsoft Visual Studio Solution File, Format Version 12.00
# Visual Studio 15
Project("{FAE04EC0-301F-11D3-BF4B-00C04F79EFBC}") = "Unity.Timeline", "Unity.Timeline.csproj", "{335FBEBC-C759-DA81-47F1-1CC50CA47097}"
EndProject
Project("{FAE04EC0-301F-11D3-BF4B-00C04F79EFBC}") = "Unity.PlasticSCM.Editor", "Unity.PlasticSCM.Editor.csproj", "{B99AF67B-9467-1174-3F88-927653FF481A}"
EndProject
Project("{FAE04EC0-301F-11D3-BF4B-00C04F79EFBC}") = "Unity.2D.Aseprite.Editor", "Unity.2D.Aseprite.Editor.csproj", "{9E3C372B-EEA9-BE5C-27D1-8C279084E1C7}"
EndProject
Project("{FAE04EC0-301F-11D3-BF4B-00C04F79EFBC}") = "Unity.Mathematics", "Unity.Mathematics.csproj", "{38403572-5BF9-92F7-7E04-D484C1684FF8}"
EndProject
Project("{FAE04EC0-301F-11D3-BF4B-00C04F79EFBC}") = "Unity.Timeline.Editor", "Unity.Timeline.Editor.csproj", "{365B1C40-C0DB-4F56-5EC5-315348301641}"
EndProject
Project("{FAE04EC0-301F-11D3-BF4B-00C04F79EFBC}") = "Unity.Cinemachine.Editor", "Unity.Cinemachine.Editor.csproj", "{DB85477F-062E-6817-3540-85E45C88AC4B}"
EndProject
Project("{FAE04EC0-301F-11D3-BF4B-00C04F79EFBC}") = "Unity.2D.IK.Runtime", "Unity.2D.IK.Runtime.csproj", "{C03AD697-64A7-1A9E-BFA8-9C228B93BA20}"
EndProject
Project("{FAE04EC0-301F-11D3-BF4B-00C04F79EFBC}") = "Unity.2D.Psdimporter.Editor", "Unity.2D.Psdimporter.Editor.csproj", "{C308F9F8-1210-B1CE-3D94-223B860CE253}"
EndProject
Project("{FAE04EC0-301F-11D3-BF4B-00C04F79EFBC}") = "Unity.VisualScripting.Core.Editor", "Unity.VisualScripting.Core.Editor.csproj", "{AE6B678C-DA73-BB22-3314-EB5E1AF38306}"
EndProject
Project("{FAE04EC0-301F-11D3-BF4B-00C04F79EFBC}") = "Unity.PerformanceTesting.Editor", "Unity.PerformanceTesting.Editor.csproj", "{DE0D1191-69AE-013E-023F-1CB9CA748232}"
EndProject
Project("{FAE04EC0-301F-11D3-BF4B-00C04F79EFBC}") = "Unity.Splines", "Unity.Splines.csproj", "{FA4F3E7C-7952-EE39-0873-FC96461C972A}"
EndProject
Project("{FAE04EC0-301F-11D3-BF4B-00C04F79EFBC}") = "Unity.Burst", "Unity.Burst.csproj", "{1E03A3F3-4017-CBB0-FF54-9C2255F4BD64}"
EndProject
Project("{FAE04EC0-301F-11D3-BF4B-00C04F79EFBC}") = "Unity.VisualScripting.Flow.Editor", "Unity.VisualScripting.Flow.Editor.csproj", "{1051653F-0E29-EEC6-E755-BBDE01CFECCD}"
EndProject
Project("{FAE04EC0-301F-11D3-BF4B-00C04F79EFBC}") = "Unity.2D.SpriteShape.Editor", "Unity.2D.SpriteShape.Editor.csproj", "{766EA7C8-737E-36D6-BF87-F3A73139019D}"
EndProject
Project("{FAE04EC0-301F-11D3-BF4B-00C04F79EFBC}") = "Unity.VisualStudio.Editor", "Unity.VisualStudio.Editor.csproj", "{FC4DD8FE-17EA-B69D-7375-35027FF63EE5}"
EndProject
Project("{FAE04EC0-301F-11D3-BF4B-00C04F79EFBC}") = "Unity.InputSystem", "Unity.InputSystem.csproj", "{3192B918-C9F9-E8C9-0340-BFC7499EB08A}"
EndProject
Project("{FAE04EC0-301F-11D3-BF4B-00C04F79EFBC}") = "Unity.2D.Animation.Editor", "Unity.2D.Animation.Editor.csproj", "{ED56A835-4115-E455-556A-14BB2B68E4AB}"
EndProject
Project("{FAE04EC0-301F-11D3-BF4B-00C04F79EFBC}") = "Unity.Searcher.Editor", "Unity.Searcher.Editor.csproj", "{711AC8F5-7FE6-8553-13DD-676DA1BA10FF}"
EndProject
Project("{FAE04EC0-301F-11D3-BF4B-00C04F79EFBC}") = "Unity.2D.SpriteShape.Runtime", "Unity.2D.SpriteShape.Runtime.csproj", "{25A4B637-FB8B-D47E-3801-6A68CBDE8AF9}"
EndProject
Project("{FAE04EC0-301F-11D3-BF4B-00C04F79EFBC}") = "Unity.VisualScripting.Core", "Unity.VisualScripting.Core.csproj", "{ED4745C1-288F-5869-76F9-4990ED5FED95}"
EndProject
Project("{FAE04EC0-301F-11D3-BF4B-00C04F79EFBC}") = "Unity.VisualScripting.State.Editor", "Unity.VisualScripting.State.Editor.csproj", "{784E5B9A-9E1E-CA6B-80EB-C9937E66C4FF}"
EndProject
Project("{FAE04EC0-301F-11D3-BF4B-00C04F79EFBC}") = "Unity.Burst.CodeGen", "Unity.Burst.CodeGen.csproj", "{40F4738C-C6C7-18CE-EA95-137155A9D539}"
EndProject
Project("{FAE04EC0-301F-11D3-BF4B-00C04F79EFBC}") = "Unity.Cinemachine", "Unity.Cinemachine.csproj", "{1ED01C9C-43F0-871C-B327-0289CE5FF503}"
EndProject
Project("{FAE04EC0-301F-11D3-BF4B-00C04F79EFBC}") = "Unity.VisualScripting.Flow", "Unity.VisualScripting.Flow.csproj", "{1F418D34-7122-AA9A-25BD-04ED1CB5801D}"
EndProject
Project("{FAE04EC0-301F-11D3-BF4B-00C04F79EFBC}") = "Unity.Splines.Editor", "Unity.Splines.Editor.csproj", "{1D220564-511F-8973-CE5F-A8A970A3F863}"
EndProject
Project("{FAE04EC0-301F-11D3-BF4B-00C04F79EFBC}") = "Unity.PerformanceTesting", "Unity.PerformanceTesting.csproj", "{A0C14F65-68A8-7EC0-206C-6C3734978383}"
EndProject
Project("{FAE04EC0-301F-11D3-BF4B-00C04F79EFBC}") = "Unity.2D.Tilemap.Extras.Editor", "Unity.2D.Tilemap.Extras.Editor.csproj", "{8F528457-8749-B931-D191-D3691FF20992}"
EndProject
Project("{FAE04EC0-301F-11D3-BF4B-00C04F79EFBC}") = "PsdPlugin", "PsdPlugin.csproj", "{59068EDB-FFC5-0546-C704-59D2D3FF9AEF}"
EndProject
Project("{FAE04EC0-301F-11D3-BF4B-00C04F79EFBC}") = "Unity.2D.IK.Editor", "Unity.2D.IK.Editor.csproj", "{DD36218F-FD92-EA1D-FDF1-70E831A67FA1}"
EndProject
Project("{FAE04EC0-301F-11D3-BF4B-00C04F79EFBC}") = "Unity.InternalAPIEngineBridge.001", "Unity.InternalAPIEngineBridge.001.csproj", "{43C3737A-B65E-E1DC-DB15-22AAB946F915}"
EndProject
Project("{FAE04EC0-301F-11D3-BF4B-00C04F79EFBC}") = "Unity.Burst.Editor", "Unity.Burst.Editor.csproj", "{181036C7-E656-7DB4-1F59-C0235EF645C7}"
EndProject
Project("{FAE04EC0-301F-11D3-BF4B-00C04F79EFBC}") = "Unity.2D.Common.Path.Editor", "Unity.2D.Common.Path.Editor.csproj", "{8E37D7AA-2228-6431-8508-CFF2421443BB}"
EndProject
Project("{FAE04EC0-301F-11D3-BF4B-00C04F79EFBC}") = "Unity.2D.Common.Editor", "Unity.2D.Common.Editor.csproj", "{019B4D43-1C34-6C5A-6E10-FB4E68DCFC72}"
EndProject
Project("{FAE04EC0-301F-11D3-BF4B-00C04F79EFBC}") = "ScriptablePacker", "ScriptablePacker.csproj", "{80A1795A-6094-419C-0F2E-53E946818BDE}"
EndProject
Project("{FAE04EC0-301F-11D3-BF4B-00C04F79EFBC}") = "Unity.Rider.Editor", "Unity.Rider.Editor.csproj", "{14DA7AD1-D4CE-729C-BEF8-1156F7A92D1B}"
EndProject
Project("{FAE04EC0-301F-11D3-BF4B-00C04F79EFBC}") = "Unity.2D.Tooling.Editor", "Unity.2D.Tooling.Editor.csproj", "{86E158B2-8C86-0262-36DF-20143309DFCC}"
EndProject
Project("{FAE04EC0-301F-11D3-BF4B-00C04F79EFBC}") = "Unity.VisualScripting.State", "Unity.VisualScripting.State.csproj", "{870A6AF4-315C-6233-1B76-F8C1E9F0D227}"
EndProject
Project("{FAE04EC0-301F-11D3-BF4B-00C04F79EFBC}") = "Unity.InternalAPIEditorBridge.001", "Unity.InternalAPIEditorBridge.001.csproj", "{FB383EDF-7A72-E1FA-F8A5-4138D0220DDF}"
EndProject
Project("{FAE04EC0-301F-11D3-BF4B-00C04F79EFBC}") = "Assembly-CSharp", "Assembly-CSharp.csproj", "{15DCF4D4-C92D-D7D8-1EDE-9B62906D5B60}"
EndProject
Project("{FAE04EC0-301F-11D3-BF4B-00C04F79EFBC}") = "Unity.InputSystem.ForUI", "Unity.InputSystem.ForUI.csproj", "{D61A33CA-3682-0585-0B32-D1723A168B86}"
EndProject
Project("{FAE04EC0-301F-11D3-BF4B-00C04F79EFBC}") = "Unity.2D.Tilemap.Extras", "Unity.2D.Tilemap.Extras.csproj", "{2FB1F2E9-66F8-6829-C47D-999B5F8A1386}"
EndProject
Project("{FAE04EC0-301F-11D3-BF4B-00C04F79EFBC}") = "Unity.2D.Animation.Runtime", "Unity.2D.Animation.Runtime.csproj", "{BA592FC2-572B-7241-6CDE-D6BB3E28F4D2}"
EndProject
Project("{FAE04EC0-301F-11D3-BF4B-00C04F79EFBC}") = "Unity.Mathematics.Editor", "Unity.Mathematics.Editor.csproj", "{52B9A4C0-2A6E-6A7F-AEC7-EB195592BC31}"
EndProject
Project("{FAE04EC0-301F-11D3-BF4B-00C04F79EFBC}") = "Unity.VisualScripting.SettingsProvider.Editor", "Unity.VisualScripting.SettingsProvider.Editor.csproj", "{608B6ADA-E515-1D5C-15C8-3B2DB015E108}"
EndProject
Project("{FAE04EC0-301F-11D3-BF4B-00C04F79EFBC}") = "Unity.2D.Common.Runtime", "Unity.2D.Common.Runtime.csproj", "{4921AD75-5B65-D3D1-208C-D7C2FCB34210}"
EndProject
Project("{FAE04EC0-301F-11D3-BF4B-00C04F79EFBC}") = "Unity.Settings.Editor", "Unity.Settings.Editor.csproj", "{F110F82A-C634-0FC2-37DA-A06034148824}"
EndProject
Project("{FAE04EC0-301F-11D3-BF4B-00C04F79EFBC}") = "Unity.InputSystem.TestFramework", "Unity.InputSystem.TestFramework.csproj", "{101CDE3C-728B-8036-F5FD-CB7C9FE36C43}"
EndProject
Project("{FAE04EC0-301F-11D3-BF4B-00C04F79EFBC}") = "Unity.VisualScripting.Shared.Editor", "Unity.VisualScripting.Shared.Editor.csproj", "{E6397245-FF1D-E059-0BD2-738093E66003}"
EndProject
Project("{FAE04EC0-301F-11D3-BF4B-00C04F79EFBC}") = "Unity.2D.Aseprite.Common", "Unity.2D.Aseprite.Common.csproj", "{309AF8A6-7A6B-6CFC-BD6E-7D5029D7F624}"
EndProject
Project("{FAE04EC0-301F-11D3-BF4B-00C04F79EFBC}") = "Unity.CollabProxy.Editor", "Unity.CollabProxy.Editor.csproj", "{4A97A165-F706-E656-2C43-1238BA6C1C87}"
EndProject
Project("{FAE04EC0-301F-11D3-BF4B-00C04F79EFBC}") = "Unity.InputSystem.DocCodeSamples", "Unity.InputSystem.DocCodeSamples.csproj", "{BAEDFC3A-84A0-FF35-1E43-84588D0DF901}"
EndProject
Project("{FAE04EC0-301F-11D3-BF4B-00C04F79EFBC}") = "Unity.VisualScripting.DocCodeExamples", "Unity.VisualScripting.DocCodeExamples.csproj", "{A40D87A2-BC76-E289-2BE8-57F35ADE7D62}"
EndProject
Project("{FAE04EC0-301F-11D3-BF4B-00C04F79EFBC}") = "Unity.PlasticSCM.Editor.Entities", "Unity.PlasticSCM.Editor.Entities.csproj", "{C4B5AD05-3D58-660D-9014-1B02C124334A}"
EndProject
Project("{FAE04EC0-301F-11D3-BF4B-00C04F79EFBC}") = "Unity.2D.Triangulation.Runtime", "Unity.2D.Triangulation.Runtime.csproj", "{7E2969D6-48A9-6AE7-BF2E-740033EBD7E0}"
EndProject
Global
	GlobalSection(SolutionConfigurationPlatforms) = preSolution
		Debug|Any CPU = Debug|Any CPU
		Release|Any CPU = Release|Any CPU
	EndGlobalSection
	GlobalSection(ProjectConfigurationPlatforms) = postSolution
		{335FBEBC-C759-DA81-47F1-1CC50CA47097}.Debug|Any CPU.ActiveCfg = Debug|Any CPU
		{335FBEBC-C759-DA81-47F1-1CC50CA47097}.Debug|Any CPU.Build.0 = Debug|Any CPU
		{335FBEBC-C759-DA81-47F1-1CC50CA47097}.Release|Any CPU.ActiveCfg = Release|Any CPU
		{335FBEBC-C759-DA81-47F1-1CC50CA47097}.Release|Any CPU.Build.0 = Release|Any CPU
		{B99AF67B-9467-1174-3F88-927653FF481A}.Debug|Any CPU.ActiveCfg = Debug|Any CPU
		{B99AF67B-9467-1174-3F88-927653FF481A}.Debug|Any CPU.Build.0 = Debug|Any CPU
		{B99AF67B-9467-1174-3F88-927653FF481A}.Release|Any CPU.ActiveCfg = Release|Any CPU
		{B99AF67B-9467-1174-3F88-927653FF481A}.Release|Any CPU.Build.0 = Release|Any CPU
		{9E3C372B-EEA9-BE5C-27D1-8C279084E1C7}.Debug|Any CPU.ActiveCfg = Debug|Any CPU
		{9E3C372B-EEA9-BE5C-27D1-8C279084E1C7}.Debug|Any CPU.Build.0 = Debug|Any CPU
		{9E3C372B-EEA9-BE5C-27D1-8C279084E1C7}.Release|Any CPU.ActiveCfg = Release|Any CPU
		{9E3C372B-EEA9-BE5C-27D1-8C279084E1C7}.Release|Any CPU.Build.0 = Release|Any CPU
		{38403572-5BF9-92F7-7E04-D484C1684FF8}.Debug|Any CPU.ActiveCfg = Debug|Any CPU
		{38403572-5BF9-92F7-7E04-D484C1684FF8}.Debug|Any CPU.Build.0 = Debug|Any CPU
		{38403572-5BF9-92F7-7E04-D484C1684FF8}.Release|Any CPU.ActiveCfg = Release|Any CPU
		{38403572-5BF9-92F7-7E04-D484C1684FF8}.Release|Any CPU.Build.0 = Release|Any CPU
		{365B1C40-C0DB-4F56-5EC5-315348301641}.Debug|Any CPU.ActiveCfg = Debug|Any CPU
		{365B1C40-C0DB-4F56-5EC5-315348301641}.Debug|Any CPU.Build.0 = Debug|Any CPU
		{365B1C40-C0DB-4F56-5EC5-315348301641}.Release|Any CPU.ActiveCfg = Release|Any CPU
		{365B1C40-C0DB-4F56-5EC5-315348301641}.Release|Any CPU.Build.0 = Release|Any CPU
		{DB85477F-062E-6817-3540-85E45C88AC4B}.Debug|Any CPU.ActiveCfg = Debug|Any CPU
		{DB85477F-062E-6817-3540-85E45C88AC4B}.Debug|Any CPU.Build.0 = Debug|Any CPU
		{DB85477F-062E-6817-3540-85E45C88AC4B}.Release|Any CPU.ActiveCfg = Release|Any CPU
		{DB85477F-062E-6817-3540-85E45C88AC4B}.Release|Any CPU.Build.0 = Release|Any CPU
		{C03AD697-64A7-1A9E-BFA8-9C228B93BA20}.Debug|Any CPU.ActiveCfg = Debug|Any CPU
		{C03AD697-64A7-1A9E-BFA8-9C228B93BA20}.Debug|Any CPU.Build.0 = Debug|Any CPU
		{C03AD697-64A7-1A9E-BFA8-9C228B93BA20}.Release|Any CPU.ActiveCfg = Release|Any CPU
		{C03AD697-64A7-1A9E-BFA8-9C228B93BA20}.Release|Any CPU.Build.0 = Release|Any CPU
		{C308F9F8-1210-B1CE-3D94-223B860CE253}.Debug|Any CPU.ActiveCfg = Debug|Any CPU
		{C308F9F8-1210-B1CE-3D94-223B860CE253}.Debug|Any CPU.Build.0 = Debug|Any CPU
		{C308F9F8-1210-B1CE-3D94-223B860CE253}.Release|Any CPU.ActiveCfg = Release|Any CPU
		{C308F9F8-1210-B1CE-3D94-223B860CE253}.Release|Any CPU.Build.0 = Release|Any CPU
		{AE6B678C-DA73-BB22-3314-EB5E1AF38306}.Debug|Any CPU.ActiveCfg = Debug|Any CPU
		{AE6B678C-DA73-BB22-3314-EB5E1AF38306}.Debug|Any CPU.Build.0 = Debug|Any CPU
		{AE6B678C-DA73-BB22-3314-EB5E1AF38306}.Release|Any CPU.ActiveCfg = Release|Any CPU
		{AE6B678C-DA73-BB22-3314-EB5E1AF38306}.Release|Any CPU.Build.0 = Release|Any CPU
		{DE0D1191-69AE-013E-023F-1CB9CA748232}.Debug|Any CPU.ActiveCfg = Debug|Any CPU
		{DE0D1191-69AE-013E-023F-1CB9CA748232}.Debug|Any CPU.Build.0 = Debug|Any CPU
		{DE0D1191-69AE-013E-023F-1CB9CA748232}.Release|Any CPU.ActiveCfg = Release|Any CPU
		{DE0D1191-69AE-013E-023F-1CB9CA748232}.Release|Any CPU.Build.0 = Release|Any CPU
		{FA4F3E7C-7952-EE39-0873-FC96461C972A}.Debug|Any CPU.ActiveCfg = Debug|Any CPU
		{FA4F3E7C-7952-EE39-0873-FC96461C972A}.Debug|Any CPU.Build.0 = Debug|Any CPU
		{FA4F3E7C-7952-EE39-0873-FC96461C972A}.Release|Any CPU.ActiveCfg = Release|Any CPU
		{FA4F3E7C-7952-EE39-0873-FC96461C972A}.Release|Any CPU.Build.0 = Release|Any CPU
		{1E03A3F3-4017-CBB0-FF54-9C2255F4BD64}.Debug|Any CPU.ActiveCfg = Debug|Any CPU
		{1E03A3F3-4017-CBB0-FF54-9C2255F4BD64}.Debug|Any CPU.Build.0 = Debug|Any CPU
		{1E03A3F3-4017-CBB0-FF54-9C2255F4BD64}.Release|Any CPU.ActiveCfg = Release|Any CPU
		{1E03A3F3-4017-CBB0-FF54-9C2255F4BD64}.Release|Any CPU.Build.0 = Release|Any CPU
		{1051653F-0E29-EEC6-E755-BBDE01CFECCD}.Debug|Any CPU.ActiveCfg = Debug|Any CPU
		{1051653F-0E29-EEC6-E755-BBDE01CFECCD}.Debug|Any CPU.Build.0 = Debug|Any CPU
		{1051653F-0E29-EEC6-E755-BBDE01CFECCD}.Release|Any CPU.ActiveCfg = Release|Any CPU
		{1051653F-0E29-EEC6-E755-BBDE01CFECCD}.Release|Any CPU.Build.0 = Release|Any CPU
		{766EA7C8-737E-36D6-BF87-F3A73139019D}.Debug|Any CPU.ActiveCfg = Debug|Any CPU
		{766EA7C8-737E-36D6-BF87-F3A73139019D}.Debug|Any CPU.Build.0 = Debug|Any CPU
		{766EA7C8-737E-36D6-BF87-F3A73139019D}.Release|Any CPU.ActiveCfg = Release|Any CPU
		{766EA7C8-737E-36D6-BF87-F3A73139019D}.Release|Any CPU.Build.0 = Release|Any CPU
		{FC4DD8FE-17EA-B69D-7375-35027FF63EE5}.Debug|Any CPU.ActiveCfg = Debug|Any CPU
		{FC4DD8FE-17EA-B69D-7375-35027FF63EE5}.Debug|Any CPU.Build.0 = Debug|Any CPU
		{FC4DD8FE-17EA-B69D-7375-35027FF63EE5}.Release|Any CPU.ActiveCfg = Release|Any CPU
		{FC4DD8FE-17EA-B69D-7375-35027FF63EE5}.Release|Any CPU.Build.0 = Release|Any CPU
		{3192B918-C9F9-E8C9-0340-BFC7499EB08A}.Debug|Any CPU.ActiveCfg = Debug|Any CPU
		{3192B918-C9F9-E8C9-0340-BFC7499EB08A}.Debug|Any CPU.Build.0 = Debug|Any CPU
		{3192B918-C9F9-E8C9-0340-BFC7499EB08A}.Release|Any CPU.ActiveCfg = Release|Any CPU
		{3192B918-C9F9-E8C9-0340-BFC7499EB08A}.Release|Any CPU.Build.0 = Release|Any CPU
		{ED56A835-4115-E455-556A-14BB2B68E4AB}.Debug|Any CPU.ActiveCfg = Debug|Any CPU
		{ED56A835-4115-E455-556A-14BB2B68E4AB}.Debug|Any CPU.Build.0 = Debug|Any CPU
		{ED56A835-4115-E455-556A-14BB2B68E4AB}.Release|Any CPU.ActiveCfg = Release|Any CPU
		{ED56A835-4115-E455-556A-14BB2B68E4AB}.Release|Any CPU.Build.0 = Release|Any CPU
		{711AC8F5-7FE6-8553-13DD-676DA1BA10FF}.Debug|Any CPU.ActiveCfg = Debug|Any CPU
		{711AC8F5-7FE6-8553-13DD-676DA1BA10FF}.Debug|Any CPU.Build.0 = Debug|Any CPU
		{711AC8F5-7FE6-8553-13DD-676DA1BA10FF}.Release|Any CPU.ActiveCfg = Release|Any CPU
		{711AC8F5-7FE6-8553-13DD-676DA1BA10FF}.Release|Any CPU.Build.0 = Release|Any CPU
		{25A4B637-FB8B-D47E-3801-6A68CBDE8AF9}.Debug|Any CPU.ActiveCfg = Debug|Any CPU
		{25A4B637-FB8B-D47E-3801-6A68CBDE8AF9}.Debug|Any CPU.Build.0 = Debug|Any CPU
		{25A4B637-FB8B-D47E-3801-6A68CBDE8AF9}.Release|Any CPU.ActiveCfg = Release|Any CPU
		{25A4B637-FB8B-D47E-3801-6A68CBDE8AF9}.Release|Any CPU.Build.0 = Release|Any CPU
		{ED4745C1-288F-5869-76F9-4990ED5FED95}.Debug|Any CPU.ActiveCfg = Debug|Any CPU
		{ED4745C1-288F-5869-76F9-4990ED5FED95}.Debug|Any CPU.Build.0 = Debug|Any CPU
		{ED4745C1-288F-5869-76F9-4990ED5FED95}.Release|Any CPU.ActiveCfg = Release|Any CPU
		{ED4745C1-288F-5869-76F9-4990ED5FED95}.Release|Any CPU.Build.0 = Release|Any CPU
		{784E5B9A-9E1E-CA6B-80EB-C9937E66C4FF}.Debug|Any CPU.ActiveCfg = Debug|Any CPU
		{784E5B9A-9E1E-CA6B-80EB-C9937E66C4FF}.Debug|Any CPU.Build.0 = Debug|Any CPU
		{784E5B9A-9E1E-CA6B-80EB-C9937E66C4FF}.Release|Any CPU.ActiveCfg = Release|Any CPU
		{784E5B9A-9E1E-CA6B-80EB-C9937E66C4FF}.Release|Any CPU.Build.0 = Release|Any CPU
		{40F4738C-C6C7-18CE-EA95-137155A9D539}.Debug|Any CPU.ActiveCfg = Debug|Any CPU
		{40F4738C-C6C7-18CE-EA95-137155A9D539}.Debug|Any CPU.Build.0 = Debug|Any CPU
		{40F4738C-C6C7-18CE-EA95-137155A9D539}.Release|Any CPU.ActiveCfg = Release|Any CPU
		{40F4738C-C6C7-18CE-EA95-137155A9D539}.Release|Any CPU.Build.0 = Release|Any CPU
		{1ED01C9C-43F0-871C-B327-0289CE5FF503}.Debug|Any CPU.ActiveCfg = Debug|Any CPU
		{1ED01C9C-43F0-871C-B327-0289CE5FF503}.Debug|Any CPU.Build.0 = Debug|Any CPU
		{1ED01C9C-43F0-871C-B327-0289CE5FF503}.Release|Any CPU.ActiveCfg = Release|Any CPU
		{1ED01C9C-43F0-871C-B327-0289CE5FF503}.Release|Any CPU.Build.0 = Release|Any CPU
		{1F418D34-7122-AA9A-25BD-04ED1CB5801D}.Debug|Any CPU.ActiveCfg = Debug|Any CPU
		{1F418D34-7122-AA9A-25BD-04ED1CB5801D}.Debug|Any CPU.Build.0 = Debug|Any CPU
		{1F418D34-7122-AA9A-25BD-04ED1CB5801D}.Release|Any CPU.ActiveCfg = Release|Any CPU
		{1F418D34-7122-AA9A-25BD-04ED1CB5801D}.Release|Any CPU.Build.0 = Release|Any CPU
		{1D220564-511F-8973-CE5F-A8A970A3F863}.Debug|Any CPU.ActiveCfg = Debug|Any CPU
		{1D220564-511F-8973-CE5F-A8A970A3F863}.Debug|Any CPU.Build.0 = Debug|Any CPU
		{1D220564-511F-8973-CE5F-A8A970A3F863}.Release|Any CPU.ActiveCfg = Release|Any CPU
		{1D220564-511F-8973-CE5F-A8A970A3F863}.Release|Any CPU.Build.0 = Release|Any CPU
		{A0C14F65-68A8-7EC0-206C-6C3734978383}.Debug|Any CPU.ActiveCfg = Debug|Any CPU
		{A0C14F65-68A8-7EC0-206C-6C3734978383}.Debug|Any CPU.Build.0 = Debug|Any CPU
		{A0C14F65-68A8-7EC0-206C-6C3734978383}.Release|Any CPU.ActiveCfg = Release|Any CPU
		{A0C14F65-68A8-7EC0-206C-6C3734978383}.Release|Any CPU.Build.0 = Release|Any CPU
		{8F528457-8749-B931-D191-D3691FF20992}.Debug|Any CPU.ActiveCfg = Debug|Any CPU
		{8F528457-8749-B931-D191-D3691FF20992}.Debug|Any CPU.Build.0 = Debug|Any CPU
		{8F528457-8749-B931-D191-D3691FF20992}.Release|Any CPU.ActiveCfg = Release|Any CPU
		{8F528457-8749-B931-D191-D3691FF20992}.Release|Any CPU.Build.0 = Release|Any CPU
		{59068EDB-FFC5-0546-C704-59D2D3FF9AEF}.Debug|Any CPU.ActiveCfg = Debug|Any CPU
		{59068EDB-FFC5-0546-C704-59D2D3FF9AEF}.Debug|Any CPU.Build.0 = Debug|Any CPU
		{59068EDB-FFC5-0546-C704-59D2D3FF9AEF}.Release|Any CPU.ActiveCfg = Release|Any CPU
		{59068EDB-FFC5-0546-C704-59D2D3FF9AEF}.Release|Any CPU.Build.0 = Release|Any CPU
		{DD36218F-FD92-EA1D-FDF1-70E831A67FA1}.Debug|Any CPU.ActiveCfg = Debug|Any CPU
		{DD36218F-FD92-EA1D-FDF1-70E831A67FA1}.Debug|Any CPU.Build.0 = Debug|Any CPU
		{DD36218F-FD92-EA1D-FDF1-70E831A67FA1}.Release|Any CPU.ActiveCfg = Release|Any CPU
		{DD36218F-FD92-EA1D-FDF1-70E831A67FA1}.Release|Any CPU.Build.0 = Release|Any CPU
		{43C3737A-B65E-E1DC-DB15-22AAB946F915}.Debug|Any CPU.ActiveCfg = Debug|Any CPU
		{43C3737A-B65E-E1DC-DB15-22AAB946F915}.Debug|Any CPU.Build.0 = Debug|Any CPU
		{43C3737A-B65E-E1DC-DB15-22AAB946F915}.Release|Any CPU.ActiveCfg = Release|Any CPU
		{43C3737A-B65E-E1DC-DB15-22AAB946F915}.Release|Any CPU.Build.0 = Release|Any CPU
		{181036C7-E656-7DB4-1F59-C0235EF645C7}.Debug|Any CPU.ActiveCfg = Debug|Any CPU
		{181036C7-E656-7DB4-1F59-C0235EF645C7}.Debug|Any CPU.Build.0 = Debug|Any CPU
		{181036C7-E656-7DB4-1F59-C0235EF645C7}.Release|Any CPU.ActiveCfg = Release|Any CPU
		{181036C7-E656-7DB4-1F59-C0235EF645C7}.Release|Any CPU.Build.0 = Release|Any CPU
		{8E37D7AA-2228-6431-8508-CFF2421443BB}.Debug|Any CPU.ActiveCfg = Debug|Any CPU
		{8E37D7AA-2228-6431-8508-CFF2421443BB}.Debug|Any CPU.Build.0 = Debug|Any CPU
		{8E37D7AA-2228-6431-8508-CFF2421443BB}.Release|Any CPU.ActiveCfg = Release|Any CPU
		{8E37D7AA-2228-6431-8508-CFF2421443BB}.Release|Any CPU.Build.0 = Release|Any CPU
		{019B4D43-1C34-6C5A-6E10-FB4E68DCFC72}.Debug|Any CPU.ActiveCfg = Debug|Any CPU
		{019B4D43-1C34-6C5A-6E10-FB4E68DCFC72}.Debug|Any CPU.Build.0 = Debug|Any CPU
		{019B4D43-1C34-6C5A-6E10-FB4E68DCFC72}.Release|Any CPU.ActiveCfg = Release|Any CPU
		{019B4D43-1C34-6C5A-6E10-FB4E68DCFC72}.Release|Any CPU.Build.0 = Release|Any CPU
		{80A1795A-6094-419C-0F2E-53E946818BDE}.Debug|Any CPU.ActiveCfg = Debug|Any CPU
		{80A1795A-6094-419C-0F2E-53E946818BDE}.Debug|Any CPU.Build.0 = Debug|Any CPU
		{80A1795A-6094-419C-0F2E-53E946818BDE}.Release|Any CPU.ActiveCfg = Release|Any CPU
		{80A1795A-6094-419C-0F2E-53E946818BDE}.Release|Any CPU.Build.0 = Release|Any CPU
		{14DA7AD1-D4CE-729C-BEF8-1156F7A92D1B}.Debug|Any CPU.ActiveCfg = Debug|Any CPU
		{14DA7AD1-D4CE-729C-BEF8-1156F7A92D1B}.Debug|Any CPU.Build.0 = Debug|Any CPU
		{14DA7AD1-D4CE-729C-BEF8-1156F7A92D1B}.Release|Any CPU.ActiveCfg = Release|Any CPU
		{14DA7AD1-D4CE-729C-BEF8-1156F7A92D1B}.Release|Any CPU.Build.0 = Release|Any CPU
		{86E158B2-8C86-0262-36DF-20143309DFCC}.Debug|Any CPU.ActiveCfg = Debug|Any CPU
		{86E158B2-8C86-0262-36DF-20143309DFCC}.Debug|Any CPU.Build.0 = Debug|Any CPU
		{86E158B2-8C86-0262-36DF-20143309DFCC}.Release|Any CPU.ActiveCfg = Release|Any CPU
		{86E158B2-8C86-0262-36DF-20143309DFCC}.Release|Any CPU.Build.0 = Release|Any CPU
		{870A6AF4-315C-6233-1B76-F8C1E9F0D227}.Debug|Any CPU.ActiveCfg = Debug|Any CPU
		{870A6AF4-315C-6233-1B76-F8C1E9F0D227}.Debug|Any CPU.Build.0 = Debug|Any CPU
		{870A6AF4-315C-6233-1B76-F8C1E9F0D227}.Release|Any CPU.ActiveCfg = Release|Any CPU
		{870A6AF4-315C-6233-1B76-F8C1E9F0D227}.Release|Any CPU.Build.0 = Release|Any CPU
		{FB383EDF-7A72-E1FA-F8A5-4138D0220DDF}.Debug|Any CPU.ActiveCfg = Debug|Any CPU
		{FB383EDF-7A72-E1FA-F8A5-4138D0220DDF}.Debug|Any CPU.Build.0 = Debug|Any CPU
		{FB383EDF-7A72-E1FA-F8A5-4138D0220DDF}.Release|Any CPU.ActiveCfg = Release|Any CPU
		{FB383EDF-7A72-E1FA-F8A5-4138D0220DDF}.Release|Any CPU.Build.0 = Release|Any CPU
		{15DCF4D4-C92D-D7D8-1EDE-9B62906D5B60}.Debug|Any CPU.ActiveCfg = Debug|Any CPU
		{15DCF4D4-C92D-D7D8-1EDE-9B62906D5B60}.Debug|Any CPU.Build.0 = Debug|Any CPU
		{15DCF4D4-C92D-D7D8-1EDE-9B62906D5B60}.Release|Any CPU.ActiveCfg = Release|Any CPU
		{15DCF4D4-C92D-D7D8-1EDE-9B62906D5B60}.Release|Any CPU.Build.0 = Release|Any CPU
		{D61A33CA-3682-0585-0B32-D1723A168B86}.Debug|Any CPU.ActiveCfg = Debug|Any CPU
		{D61A33CA-3682-0585-0B32-D1723A168B86}.Debug|Any CPU.Build.0 = Debug|Any CPU
		{D61A33CA-3682-0585-0B32-D1723A168B86}.Release|Any CPU.ActiveCfg = Release|Any CPU
		{D61A33CA-3682-0585-0B32-D1723A168B86}.Release|Any CPU.Build.0 = Release|Any CPU
		{2FB1F2E9-66F8-6829-C47D-999B5F8A1386}.Debug|Any CPU.ActiveCfg = Debug|Any CPU
		{2FB1F2E9-66F8-6829-C47D-999B5F8A1386}.Debug|Any CPU.Build.0 = Debug|Any CPU
		{2FB1F2E9-66F8-6829-C47D-999B5F8A1386}.Release|Any CPU.ActiveCfg = Release|Any CPU
		{2FB1F2E9-66F8-6829-C47D-999B5F8A1386}.Release|Any CPU.Build.0 = Release|Any CPU
		{BA592FC2-572B-7241-6CDE-D6BB3E28F4D2}.Debug|Any CPU.ActiveCfg = Debug|Any CPU
		{BA592FC2-572B-7241-6CDE-D6BB3E28F4D2}.Debug|Any CPU.Build.0 = Debug|Any CPU
		{BA592FC2-572B-7241-6CDE-D6BB3E28F4D2}.Release|Any CPU.ActiveCfg = Release|Any CPU
		{BA592FC2-572B-7241-6CDE-D6BB3E28F4D2}.Release|Any CPU.Build.0 = Release|Any CPU
		{52B9A4C0-2A6E-6A7F-AEC7-EB195592BC31}.Debug|Any CPU.ActiveCfg = Debug|Any CPU
		{52B9A4C0-2A6E-6A7F-AEC7-EB195592BC31}.Debug|Any CPU.Build.0 = Debug|Any CPU
		{52B9A4C0-2A6E-6A7F-AEC7-EB195592BC31}.Release|Any CPU.ActiveCfg = Release|Any CPU
		{52B9A4C0-2A6E-6A7F-AEC7-EB195592BC31}.Release|Any CPU.Build.0 = Release|Any CPU
		{608B6ADA-E515-1D5C-15C8-3B2DB015E108}.Debug|Any CPU.ActiveCfg = Debug|Any CPU
		{608B6ADA-E515-1D5C-15C8-3B2DB015E108}.Debug|Any CPU.Build.0 = Debug|Any CPU
		{608B6ADA-E515-1D5C-15C8-3B2DB015E108}.Release|Any CPU.ActiveCfg = Release|Any CPU
		{608B6ADA-E515-1D5C-15C8-3B2DB015E108}.Release|Any CPU.Build.0 = Release|Any CPU
		{4921AD75-5B65-D3D1-208C-D7C2FCB34210}.Debug|Any CPU.ActiveCfg = Debug|Any CPU
		{4921AD75-5B65-D3D1-208C-D7C2FCB34210}.Debug|Any CPU.Build.0 = Debug|Any CPU
		{4921AD75-5B65-D3D1-208C-D7C2FCB34210}.Release|Any CPU.ActiveCfg = Release|Any CPU
		{4921AD75-5B65-D3D1-208C-D7C2FCB34210}.Release|Any CPU.Build.0 = Release|Any CPU
		{F110F82A-C634-0FC2-37DA-A06034148824}.Debug|Any CPU.ActiveCfg = Debug|Any CPU
		{F110F82A-C634-0FC2-37DA-A06034148824}.Debug|Any CPU.Build.0 = Debug|Any CPU
		{F110F82A-C634-0FC2-37DA-A06034148824}.Release|Any CPU.ActiveCfg = Release|Any CPU
		{F110F82A-C634-0FC2-37DA-A06034148824}.Release|Any CPU.Build.0 = Release|Any CPU
		{101CDE3C-728B-8036-F5FD-CB7C9FE36C43}.Debug|Any CPU.ActiveCfg = Debug|Any CPU
		{101CDE3C-728B-8036-F5FD-CB7C9FE36C43}.Debug|Any CPU.Build.0 = Debug|Any CPU
		{101CDE3C-728B-8036-F5FD-CB7C9FE36C43}.Release|Any CPU.ActiveCfg = Release|Any CPU
		{101CDE3C-728B-8036-F5FD-CB7C9FE36C43}.Release|Any CPU.Build.0 = Release|Any CPU
		{E6397245-FF1D-E059-0BD2-738093E66003}.Debug|Any CPU.ActiveCfg = Debug|Any CPU
		{E6397245-FF1D-E059-0BD2-738093E66003}.Debug|Any CPU.Build.0 = Debug|Any CPU
		{E6397245-FF1D-E059-0BD2-738093E66003}.Release|Any CPU.ActiveCfg = Release|Any CPU
		{E6397245-FF1D-E059-0BD2-738093E66003}.Release|Any CPU.Build.0 = Release|Any CPU
		{309AF8A6-7A6B-6CFC-BD6E-7D5029D7F624}.Debug|Any CPU.ActiveCfg = Debug|Any CPU
		{309AF8A6-7A6B-6CFC-BD6E-7D5029D7F624}.Debug|Any CPU.Build.0 = Debug|Any CPU
		{309AF8A6-7A6B-6CFC-BD6E-7D5029D7F624}.Release|Any CPU.ActiveCfg = Release|Any CPU
		{309AF8A6-7A6B-6CFC-BD6E-7D5029D7F624}.Release|Any CPU.Build.0 = Release|Any CPU
		{4A97A165-F706-E656-2C43-1238BA6C1C87}.Debug|Any CPU.ActiveCfg = Debug|Any CPU
		{4A97A165-F706-E656-2C43-1238BA6C1C87}.Debug|Any CPU.Build.0 = Debug|Any CPU
		{4A97A165-F706-E656-2C43-1238BA6C1C87}.Release|Any CPU.ActiveCfg = Release|Any CPU
		{4A97A165-F706-E656-2C43-1238BA6C1C87}.Release|Any CPU.Build.0 = Release|Any CPU
		{BAEDFC3A-84A0-FF35-1E43-84588D0DF901}.Debug|Any CPU.ActiveCfg = Debug|Any CPU
		{BAEDFC3A-84A0-FF35-1E43-84588D0DF901}.Debug|Any CPU.Build.0 = Debug|Any CPU
		{BAEDFC3A-84A0-FF35-1E43-84588D0DF901}.Release|Any CPU.ActiveCfg = Release|Any CPU
		{BAEDFC3A-84A0-FF35-1E43-84588D0DF901}.Release|Any CPU.Build.0 = Release|Any CPU
		{A40D87A2-BC76-E289-2BE8-57F35ADE7D62}.Debug|Any CPU.ActiveCfg = Debug|Any CPU
		{A40D87A2-BC76-E289-2BE8-57F35ADE7D62}.Debug|Any CPU.Build.0 = Debug|Any CPU
		{A40D87A2-BC76-E289-2BE8-57F35ADE7D62}.Release|Any CPU.ActiveCfg = Release|Any CPU
		{A40D87A2-BC76-E289-2BE8-57F35ADE7D62}.Release|Any CPU.Build.0 = Release|Any CPU
		{C4B5AD05-3D58-660D-9014-1B02C124334A}.Debug|Any CPU.ActiveCfg = Debug|Any CPU
		{C4B5AD05-3D58-660D-9014-1B02C124334A}.Debug|Any CPU.Build.0 = Debug|Any CPU
		{C4B5AD05-3D58-660D-9014-1B02C124334A}.Release|Any CPU.ActiveCfg = Release|Any CPU
		{C4B5AD05-3D58-660D-9014-1B02C124334A}.Release|Any CPU.Build.0 = Release|Any CPU
		{7E2969D6-48A9-6AE7-BF2E-740033EBD7E0}.Debug|Any CPU.ActiveCfg = Debug|Any CPU
		{7E2969D6-48A9-6AE7-BF2E-740033EBD7E0}.Debug|Any CPU.Build.0 = Debug|Any CPU
		{7E2969D6-48A9-6AE7-BF2E-740033EBD7E0}.Release|Any CPU.ActiveCfg = Release|Any CPU
		{7E2969D6-48A9-6AE7-BF2E-740033EBD7E0}.Release|Any CPU.Build.0 = Release|Any CPU
	EndGlobalSection
	GlobalSection(SolutionProperties) = preSolution
		HideSolutionNode = FALSE
	EndGlobalSection
EndGlobal
